// !$*UTF8*$!
{
	archiveVersion = 1;
	classes = {
	};
	objectVersion = 46;
	objects = {

/* Begin PBXBuildFile section */
		3B68D866F38FB7D15D7A0B84 /* Pods_AppLoadTime.framework in Frameworks */ = {isa = PBXBuildFile; fileRef = 29B6718955EC971497C3FFDA /* Pods_AppLoadTime.framework */; };
		D16FBAEB1D28086900DF3E9E /* AppDelegate.swift in Sources */ = {isa = PBXBuildFile; fileRef = D16FBAEA1D28086900DF3E9E /* AppDelegate.swift */; };
		D16FBAED1D28086900DF3E9E /* ViewController.swift in Sources */ = {isa = PBXBuildFile; fileRef = D16FBAEC1D28086900DF3E9E /* ViewController.swift */; };
		D16FBAF01D28086900DF3E9E /* Main.storyboard in Resources */ = {isa = PBXBuildFile; fileRef = D16FBAEE1D28086900DF3E9E /* Main.storyboard */; };
		D16FBAF21D28086900DF3E9E /* Assets.xcassets in Resources */ = {isa = PBXBuildFile; fileRef = D16FBAF11D28086900DF3E9E /* Assets.xcassets */; };
		D16FBAF51D28086900DF3E9E /* LaunchScreen.storyboard in Resources */ = {isa = PBXBuildFile; fileRef = D16FBAF31D28086900DF3E9E /* LaunchScreen.storyboard */; };
/* End PBXBuildFile section */

/* Begin PBXFileReference section */
		29B6718955EC971497C3FFDA /* Pods_AppLoadTime.framework */ = {isa = PBXFileReference; explicitFileType = wrapper.framework; includeInIndex = 0; path = Pods_AppLoadTime.framework; sourceTree = BUILT_PRODUCTS_DIR; };
		A188C76FACFD3886C9B1DC0E /* Pods-AppLoadTime.release.xcconfig */ = {isa = PBXFileReference; includeInIndex = 1; lastKnownFileType = text.xcconfig; name = "Pods-AppLoadTime.release.xcconfig"; path = "Pods/Target Support Files/Pods-AppLoadTime/Pods-AppLoadTime.release.xcconfig"; sourceTree = "<group>"; };
		D16FBAE71D28086900DF3E9E /* AppLoadTime.app */ = {isa = PBXFileReference; explicitFileType = wrapper.application; includeInIndex = 0; path = AppLoadTime.app; sourceTree = BUILT_PRODUCTS_DIR; };
		D16FBAEA1D28086900DF3E9E /* AppDelegate.swift */ = {isa = PBXFileReference; lastKnownFileType = sourcecode.swift; path = AppDelegate.swift; sourceTree = "<group>"; };
		D16FBAEC1D28086900DF3E9E /* ViewController.swift */ = {isa = PBXFileReference; lastKnownFileType = sourcecode.swift; path = ViewController.swift; sourceTree = "<group>"; };
		D16FBAEF1D28086900DF3E9E /* Base */ = {isa = PBXFileReference; lastKnownFileType = file.storyboard; name = Base; path = Base.lproj/Main.storyboard; sourceTree = "<group>"; };
		D16FBAF11D28086900DF3E9E /* Assets.xcassets */ = {isa = PBXFileReference; lastKnownFileType = folder.assetcatalog; path = Assets.xcassets; sourceTree = "<group>"; };
		D16FBAF41D28086900DF3E9E /* Base */ = {isa = PBXFileReference; lastKnownFileType = file.storyboard; name = Base; path = Base.lproj/LaunchScreen.storyboard; sourceTree = "<group>"; };
		D16FBAF61D28086900DF3E9E /* Info.plist */ = {isa = PBXFileReference; lastKnownFileType = text.plist.xml; path = Info.plist; sourceTree = "<group>"; };
		F674BB1D50D177CC853889CC /* Pods-AppLoadTime.debug.xcconfig */ = {isa = PBXFileReference; includeInIndex = 1; lastKnownFileType = text.xcconfig; name = "Pods-AppLoadTime.debug.xcconfig"; path = "Pods/Target Support Files/Pods-AppLoadTime/Pods-AppLoadTime.debug.xcconfig"; sourceTree = "<group>"; };
/* End PBXFileReference section */

/* Begin PBXFrameworksBuildPhase section */
		D16FBAE41D28086900DF3E9E /* Frameworks */ = {
			isa = PBXFrameworksBuildPhase;
			buildActionMask = 2147483647;
			files = (
				3B68D866F38FB7D15D7A0B84 /* Pods_AppLoadTime.framework in Frameworks */,
			);
			runOnlyForDeploymentPostprocessing = 0;
		};
/* End PBXFrameworksBuildPhase section */

/* Begin PBXGroup section */
		1F75D37D359449942AAA3BF5 /* Pods */ = {
			isa = PBXGroup;
			children = (
				F674BB1D50D177CC853889CC /* Pods-AppLoadTime.debug.xcconfig */,
				A188C76FACFD3886C9B1DC0E /* Pods-AppLoadTime.release.xcconfig */,
			);
			name = Pods;
			sourceTree = "<group>";
		};
		9F31CC7584983766A6CAF2D9 /* Frameworks */ = {
			isa = PBXGroup;
			children = (
				29B6718955EC971497C3FFDA /* Pods_AppLoadTime.framework */,
			);
			name = Frameworks;
			sourceTree = "<group>";
		};
		D16FBADE1D28086900DF3E9E = {
			isa = PBXGroup;
			children = (
				D16FBAE91D28086900DF3E9E /* AppLoadTime */,
				D16FBAE81D28086900DF3E9E /* Products */,
				1F75D37D359449942AAA3BF5 /* Pods */,
				9F31CC7584983766A6CAF2D9 /* Frameworks */,
			);
			sourceTree = "<group>";
		};
		D16FBAE81D28086900DF3E9E /* Products */ = {
			isa = PBXGroup;
			children = (
				D16FBAE71D28086900DF3E9E /* AppLoadTime.app */,
			);
			name = Products;
			sourceTree = "<group>";
		};
		D16FBAE91D28086900DF3E9E /* AppLoadTime */ = {
			isa = PBXGroup;
			children = (
				D16FBAEA1D28086900DF3E9E /* AppDelegate.swift */,
				D16FBAEC1D28086900DF3E9E /* ViewController.swift */,
				D16FBAEE1D28086900DF3E9E /* Main.storyboard */,
				D16FBAF11D28086900DF3E9E /* Assets.xcassets */,
				D16FBAF31D28086900DF3E9E /* LaunchScreen.storyboard */,
				D16FBAF61D28086900DF3E9E /* Info.plist */,
			);
			path = AppLoadTime;
			sourceTree = "<group>";
		};
/* End PBXGroup section */

/* Begin PBXNativeTarget section */
		D16FBAE61D28086900DF3E9E /* AppLoadTime */ = {
			isa = PBXNativeTarget;
			buildConfigurationList = D16FBAF91D28086900DF3E9E /* Build configuration list for PBXNativeTarget "AppLoadTime" */;
			buildPhases = (
				976F6E1E9D625392DBED93F4 /* [CP] Check Pods Manifest.lock */,
				D16FBAE31D28086900DF3E9E /* Sources */,
				D16FBAE41D28086900DF3E9E /* Frameworks */,
				D16FBAE51D28086900DF3E9E /* Resources */,
				8694B698B1227E2E16A1F1C8 /* [CP] Embed Pods Frameworks */,
				5E2FD5C32CE90F79943BBF92 /* [CP] Copy Pods Resources */,
			);
			buildRules = (
			);
			dependencies = (
			);
			name = AppLoadTime;
			productName = AppLoadTime;
			productReference = D16FBAE71D28086900DF3E9E /* AppLoadTime.app */;
			productType = "com.apple.product-type.application";
		};
/* End PBXNativeTarget section */

/* Begin PBXProject section */
		D16FBADF1D28086900DF3E9E /* Project object */ = {
			isa = PBXProject;
			attributes = {
				LastSwiftUpdateCheck = 0730;
				LastUpgradeCheck = 0730;
				ORGANIZATIONNAME = "STAY REAL LIMITED";
				TargetAttributes = {
					D16FBAE61D28086900DF3E9E = {
						CreatedOnToolsVersion = 7.3.1;
					};
				};
			};
			buildConfigurationList = D16FBAE21D28086900DF3E9E /* Build configuration list for PBXProject "AppLoadTime" */;
			compatibilityVersion = "Xcode 3.2";
			developmentRegion = English;
			hasScannedForEncodings = 0;
			knownRegions = (
				en,
				Base,
			);
			mainGroup = D16FBADE1D28086900DF3E9E;
			productRefGroup = D16FBAE81D28086900DF3E9E /* Products */;
			projectDirPath = "";
			projectRoot = "";
			targets = (
				D16FBAE61D28086900DF3E9E /* AppLoadTime */,
			);
		};
/* End PBXProject section */

/* Begin PBXResourcesBuildPhase section */
		D16FBAE51D28086900DF3E9E /* Resources */ = {
			isa = PBXResourcesBuildPhase;
			buildActionMask = 2147483647;
			files = (
				D16FBAF51D28086900DF3E9E /* LaunchScreen.storyboard in Resources */,
				D16FBAF21D28086900DF3E9E /* Assets.xcassets in Resources */,
				D16FBAF01D28086900DF3E9E /* Main.storyboard in Resources */,
			);
			runOnlyForDeploymentPostprocessing = 0;
		};
/* End PBXResourcesBuildPhase section */

/* Begin PBXShellScriptBuildPhase section */
		5E2FD5C32CE90F79943BBF92 /* [CP] Copy Pods Resources */ = {
			isa = PBXShellScriptBuildPhase;
			buildActionMask = 2147483647;
			files = (
			);
			inputPaths = (
			);
			name = "[CP] Copy Pods Resources";
			outputPaths = (
			);
			runOnlyForDeploymentPostprocessing = 0;
			shellPath = /bin/sh;
			shellScript = "\"${SRCROOT}/Pods/Target Support Files/Pods-AppLoadTime/Pods-AppLoadTime-resources.sh\"\n";
			showEnvVarsInLog = 0;
		};
		8694B698B1227E2E16A1F1C8 /* [CP] Embed Pods Frameworks */ = {
			isa = PBXShellScriptBuildPhase;
			buildActionMask = 2147483647;
			files = (
			);
			inputPaths = (
			);
			name = "[CP] Embed Pods Frameworks";
			outputPaths = (
			);
			runOnlyForDeploymentPostprocessing = 0;
			shellPath = /bin/sh;
			shellScript = "\"${SRCROOT}/Pods/Target Support Files/Pods-AppLoadTime/Pods-AppLoadTime-frameworks.sh\"\n";
			showEnvVarsInLog = 0;
		};
		976F6E1E9D625392DBED93F4 /* [CP] Check Pods Manifest.lock */ = {
			isa = PBXShellScriptBuildPhase;
			buildActionMask = 2147483647;
			files = (
			);
			inputPaths = (
			);
			name = "[CP] Check Pods Manifest.lock";
			outputPaths = (
			);
			runOnlyForDeploymentPostprocessing = 0;
			shellPath = /bin/sh;
			shellScript = "diff \"${PODS_ROOT}/../Podfile.lock\" \"${PODS_ROOT}/Manifest.lock\" > /dev/null\nif [[ $? != 0 ]] ; then\n    cat << EOM\nerror: The sandbox is not in sync with the Podfile.lock. Run 'pod install' or update your CocoaPods installation.\nEOM\n    exit 1\nfi\n";
			showEnvVarsInLog = 0;
		};
/* End PBXShellScriptBuildPhase section */

/* Begin PBXSourcesBuildPhase section */
		D16FBAE31D28086900DF3E9E /* Sources */ = {
			isa = PBXSourcesBuildPhase;
			buildActionMask = 2147483647;
			files = (
				D16FBAED1D28086900DF3E9E /* ViewController.swift in Sources */,
				D16FBAEB1D28086900DF3E9E /* AppDelegate.swift in Sources */,
			);
			runOnlyForDeploymentPostprocessing = 0;
		};
/* End PBXSourcesBuildPhase section */

/* Begin PBXVariantGroup section */
		D16FBAEE1D28086900DF3E9E /* Main.storyboard */ = {
			isa = PBXVariantGroup;
			children = (
				D16FBAEF1D28086900DF3E9E /* Base */,
			);
			name = Main.storyboard;
			sourceTree = "<group>";
		};
		D16FBAF31D28086900DF3E9E /* LaunchScreen.storyboard */ = {
			isa = PBXVariantGroup;
			children = (
				D16FBAF41D28086900DF3E9E /* Base */,
			);
			name = LaunchScreen.storyboard;
			sourceTree = "<group>";
		};
/* End PBXVariantGroup section */

/* Begin XCBuildConfiguration section */
		D16FBAF71D28086900DF3E9E /* Debug */ = {
			isa = XCBuildConfiguration;
			buildSettings = {
				ALWAYS_SEARCH_USER_PATHS = NO;
				CLANG_ANALYZER_NONNULL = YES;
				CLANG_CXX_LANGUAGE_STANDARD = "gnu++0x";
				CLANG_CXX_LIBRARY = "libc++";
				CLANG_ENABLE_MODULES = YES;
				CLANG_ENABLE_OBJC_ARC = YES;
				CLANG_WARN_BOOL_CONVERSION = YES;
				CLANG_WARN_CONSTANT_CONVERSION = YES;
				CLANG_WARN_DIRECT_OBJC_ISA_USAGE = YES_ERROR;
				CLANG_WARN_EMPTY_BODY = YES;
				CLANG_WARN_ENUM_CONVERSION = YES;
				CLANG_WARN_INT_CONVERSION = YES;
				CLANG_WARN_OBJC_ROOT_CLASS = YES_ERROR;
				CLANG_WARN_UNREACHABLE_CODE = YES;
				CLANG_WARN__DUPLICATE_METHOD_MATCH = YES;
				"CODE_SIGN_IDENTITY[sdk=iphoneos*]" = "iPhone Developer";
				COPY_PHASE_STRIP = NO;
				DEBUG_INFORMATION_FORMAT = dwarf;
				ENABLE_STRICT_OBJC_MSGSEND = YES;
				ENABLE_TESTABILITY = YES;
				GCC_C_LANGUAGE_STANDARD = gnu99;
				GCC_DYNAMIC_NO_PIC = NO;
				GCC_NO_COMMON_BLOCKS = YES;
				GCC_OPTIMIZATION_LEVEL = 0;
				GCC_PREPROCESSOR_DEFINITIONS = (
					"DEBUG=1",
					"$(inherited)",
				);
				GCC_WARN_64_TO_32_BIT_CONVERSION = YES;
				GCC_WARN_ABOUT_RETURN_TYPE = YES_ERROR;
				GCC_WARN_UNDECLARED_SELECTOR = YES;
				GCC_WARN_UNINITIALIZED_AUTOS = YES_AGGRESSIVE;
				GCC_WARN_UNUSED_FUNCTION = YES;
				GCC_WARN_UNUSED_VARIABLE = YES;
				IPHONEOS_DEPLOYMENT_TARGET = 9.3;
				MTL_ENABLE_DEBUG_INFO = YES;
				ONLY_ACTIVE_ARCH = YES;
				SDKROOT = iphoneos;
				SWIFT_OPTIMIZATION_LEVEL = "-Onone";
			};
			name = Debug;
		};
		D16FBAF81D28086900DF3E9E /* Release */ = {
			isa = XCBuildConfiguration;
			buildSettings = {
				ALWAYS_SEARCH_USER_PATHS = NO;
				CLANG_ANALYZER_NONNULL = YES;
				CLANG_CXX_LANGUAGE_STANDARD = "gnu++0x";
				CLANG_CXX_LIBRARY = "libc++";
				CLANG_ENABLE_MODULES = YES;
				CLANG_ENABLE_OBJC_ARC = YES;
				CLANG_WARN_BOOL_CONVERSION = YES;
				CLANG_WARN_CONSTANT_CONVERSION = YES;
				CLANG_WARN_DIRECT_OBJC_ISA_USAGE = YES_ERROR;
				CLANG_WARN_EMPTY_BODY = YES;
				CLANG_WARN_ENUM_CONVERSION = YES;
				CLANG_WARN_INT_CONVERSION = YES;
				CLANG_WARN_OBJC_ROOT_CLASS = YES_ERROR;
				CLANG_WARN_UNREACHABLE_CODE = YES;
				CLANG_WARN__DUPLICATE_METHOD_MATCH = YES;
				"CODE_SIGN_IDENTITY[sdk=iphoneos*]" = "iPhone Developer";
				COPY_PHASE_STRIP = NO;
				DEBUG_INFORMATION_FORMAT = "dwarf-with-dsym";
				ENABLE_NS_ASSERTIONS = NO;
				ENABLE_STRICT_OBJC_MSGSEND = YES;
				GCC_C_LANGUAGE_STANDARD = gnu99;
				GCC_NO_COMMON_BLOCKS = YES;
				GCC_WARN_64_TO_32_BIT_CONVERSION = YES;
				GCC_WARN_ABOUT_RETURN_TYPE = YES_ERROR;
				GCC_WARN_UNDECLARED_SELECTOR = YES;
				GCC_WARN_UNINITIALIZED_AUTOS = YES_AGGRESSIVE;
				GCC_WARN_UNUSED_FUNCTION = YES;
				GCC_WARN_UNUSED_VARIABLE = YES;
				IPHONEOS_DEPLOYMENT_TARGET = 9.3;
				MTL_ENABLE_DEBUG_INFO = NO;
				SDKROOT = iphoneos;
				VALIDATE_PRODUCT = YES;
			};
			name = Release;
		};
		D16FBAFA1D28086900DF3E9E /* Debug */ = {
			isa = XCBuildConfiguration;
			baseConfigurationReference = F674BB1D50D177CC853889CC /* Pods-AppLoadTime.debug.xcconfig */;
			buildSettings = {
				ASSETCATALOG_COMPILER_APPICON_NAME = AppIcon;
				INFOPLIST_FILE = AppLoadTime/Info.plist;
				LD_RUNPATH_SEARCH_PATHS = "$(inherited) @executable_path/Frameworks";
				PRODUCT_BUNDLE_IDENTIFIER = com.stayrealhk.AppLoadTime;
				PRODUCT_NAME = "$(TARGET_NAME)";
			};
			name = Debug;
		};
		D16FBAFB1D28086900DF3E9E /* Release */ = {
			isa = XCBuildConfiguration;
			baseConfigurationReference = A188C76FACFD3886C9B1DC0E /* Pods-AppLoadTime.release.xcconfig */;
			buildSettings = {
				ASSETCATALOG_COMPILER_APPICON_NAME = AppIcon;
				INFOPLIST_FILE = AppLoadTime/Info.plist;
				LD_RUNPATH_SEARCH_PATHS = "$(inherited) @executable_path/Frameworks";
				PRODUCT_BUNDLE_IDENTIFIER = com.stayrealhk.AppLoadTime;
				PRODUCT_NAME = "$(TARGET_NAME)";
			};
			name = Release;
		};
/* End XCBuildConfiguration section */

/* Begin XCConfigurationList section */
		D16FBAE21D28086900DF3E9E /* Build configuration list for PBXProject "AppLoadTime" */ = {
			isa = XCConfigurationList;
			buildConfigurations = (
				D16FBAF71D28086900DF3E9E /* Debug */,
				D16FBAF81D28086900DF3E9E /* Release */,
			);
			defaultConfigurationIsVisible = 0;
			defaultConfigurationName = Release;
		};
		D16FBAF91D28086900DF3E9E /* Build configuration list for PBXNativeTarget "AppLoadTime" */ = {
			isa = XCConfigurationList;
			buildConfigurations = (
				D16FBAFA1D28086900DF3E9E /* Debug */,
				D16FBAFB1D28086900DF3E9E /* Release */,
			);
			defaultConfigurationIsVisible = 0;
			defaultConfigurationName = Release;
		};
/* End XCConfigurationList section */
	};
	rootObject = D16FBADF1D28086900DF3E9E /* Project object */;
}
